
Microsoft Visual Studio Solution File, Format Version 12.00
# Visual Studio Version 17
VisualStudioVersion = 17.0.32126.317
MinimumVisualStudioVersion = 10.0.40219.1
Project("{9A19103F-16F7-4668-BE54-9A1E7A4F7556}") = "Lab1oop", "Lab1oop.csproj", "{CD581ABF-29AC-432B-9D34-15D82004FB85}"
EndProject
Project("{2150E333-8FDC-42A3-9474-1A3956D46DE8}") = "Solution Items", "Solution Items", "{319E57A5-19AB-443F-B281-F66ECB6E4724}"
	ProjectSection(SolutionItems) = preProject
		.editorconfig = .editorconfig
	EndProjectSection
EndProject
Global
	GlobalSection(SolutionConfigurationPlatforms) = preSolution
		Debug|Any CPU = Debug|Any CPU
		Release|Any CPU = Release|Any CPU
	EndGlobalSection
	GlobalSection(ProjectConfigurationPlatforms) = postSolution
		{CD581ABF-29AC-432B-9D34-15D82004FB85}.Debug|Any CPU.ActiveCfg = Debug|Any CPU
		{CD581ABF-29AC-432B-9D34-15D82004FB85}.Debug|Any CPU.Build.0 = Debug|Any CPU
		{CD581ABF-29AC-432B-9D34-15D82004FB85}.Release|Any CPU.ActiveCfg = Release|Any CPU
		{CD581ABF-29AC-432B-9D34-15D82004FB85}.Release|Any CPU.Build.0 = Release|Any CPU
	EndGlobalSection
	GlobalSection(SolutionProperties) = preSolution
		HideSolutionNode = FALSE
	EndGlobalSection
	GlobalSection(ExtensibilityGlobals) = postSolution
		SolutionGuid = {A14540E2-5AFF-476B-AB79-2FEB94B9EAAB}
	EndGlobalSection
EndGlobal
